
Microsoft Visual Studio Solution File, Format Version 12.00
# Visual Studio 2012
Project("{FAE04EC0-301F-11D3-BF4B-00C04F79EFBC}") = "ListDiff", "ListDiff\ListDiff.csproj", "{6F34679D-7CC3-4383-B823-B290D244BDC4}"
EndProject
Global
	GlobalSection(SolutionConfigurationPlatforms) = preSolution
		Debug|Any CPU = Debug|Any CPU
		Release|Any CPU = Release|Any CPU
	EndGlobalSection
	GlobalSection(ProjectConfigurationPlatforms) = postSolution
		{6F34679D-7CC3-4383-B823-B290D244BDC4}.Debug|Any CPU.ActiveCfg = Debug|Any CPU
		{6F34679D-7CC3-4383-B823-B290D244BDC4}.Debug|Any CPU.Build.0 = Debug|Any CPU
		{6F34679D-7CC3-4383-B823-B290D244BDC4}.Release|Any CPU.ActiveCfg = Release|Any CPU
		{6F34679D-7CC3-4383-B823-B290D244BDC4}.Release|Any CPU.Build.0 = Release|Any CPU
	EndGlobalSection
EndGlobal
